
Microsoft Visual Studio Solution File, Format Version 12.00
# Visual Studio Version 17
VisualStudioVersion = 17.4.33213.308
MinimumVisualStudioVersion = 10.0.40219.1
Project("{FAE04EC0-301F-11D3-BF4B-00C04F79EFBC}") = "GenericAnimalClass", "GenericAnimalClass\GenericAnimalClass.csproj", "{96C81D09-6EE1-472A-BF14-526CC7F1322A}"
EndProject
Global
	GlobalSection(SolutionConfigurationPlatforms) = preSolution
		Debug|Any CPU = Debug|Any CPU
		Release|Any CPU = Release|Any CPU
	EndGlobalSection
	GlobalSection(ProjectConfigurationPlatforms) = postSolution
		{96C81D09-6EE1-472A-BF14-526CC7F1322A}.Debug|Any CPU.ActiveCfg = Debug|Any CPU
		{96C81D09-6EE1-472A-BF14-526CC7F1322A}.Debug|Any CPU.Build.0 = Debug|Any CPU
		{96C81D09-6EE1-472A-BF14-526CC7F1322A}.Release|Any CPU.ActiveCfg = Release|Any CPU
		{96C81D09-6EE1-472A-BF14-526CC7F1322A}.Release|Any CPU.Build.0 = Release|Any CPU
	EndGlobalSection
	GlobalSection(SolutionProperties) = preSolution
		HideSolutionNode = FALSE
	EndGlobalSection
	GlobalSection(ExtensibilityGlobals) = postSolution
		SolutionGuid = {B43FEA5C-DB80-4FB5-B2E3-C893FBF1A225}
	EndGlobalSection
EndGlobal
